{
    "_meta": {
        "hash": {
            "sha256": "479cfa4dfd34bbadc48dd9dcf280f7e4f4003709ae8d608442f5708b7edc23a9"
        },
        "pipfile-spec": 6,
        "requires": {
            "python_version": "3.10"
        },
        "sources": [
            {
                "name": "pypi",
                "url": "https://pypi.org/simple",
                "verify_ssl": true
            }
        ]
    },
    "default": {
        "backoff": {
            "hashes": [
                "sha256:03f829f5bb1923180821643f8753b0502c3b682293992485b0eef2807afa5cba",
                "sha256:63579f9a0628e06278f7e47b7d7d5b6ce20dc65c5e96a6f3ca99a6adca0396e8"
            ],
            "index": "pypi",
            "version": "==2.2.1"
        }
    },
    "develop": {}
}
